
Microsoft Visual Studio Solution File, Format Version 12.00
# Visual Studio Version 17
VisualStudioVersion = 17.5.33530.505
MinimumVisualStudioVersion = 10.0.40219.1
Project("{FAE04EC0-301F-11D3-BF4B-00C04F79EFBC}") = "Ejemplo_Arrays_2", "Ejemplo_Arrays_2\Ejemplo_Arrays_2.csproj", "{F615FFDE-D35B-4935-82E5-ED91C430CAE4}"
EndProject
Global
	GlobalSection(SolutionConfigurationPlatforms) = preSolution
		Debug|Any CPU = Debug|Any CPU
		Release|Any CPU = Release|Any CPU
	EndGlobalSection
	GlobalSection(ProjectConfigurationPlatforms) = postSolution
		{F615FFDE-D35B-4935-82E5-ED91C430CAE4}.Debug|Any CPU.ActiveCfg = Debug|Any CPU
		{F615FFDE-D35B-4935-82E5-ED91C430CAE4}.Debug|Any CPU.Build.0 = Debug|Any CPU
		{F615FFDE-D35B-4935-82E5-ED91C430CAE4}.Release|Any CPU.ActiveCfg = Release|Any CPU
		{F615FFDE-D35B-4935-82E5-ED91C430CAE4}.Release|Any CPU.Build.0 = Release|Any CPU
	EndGlobalSection
	GlobalSection(SolutionProperties) = preSolution
		HideSolutionNode = FALSE
	EndGlobalSection
	GlobalSection(ExtensibilityGlobals) = postSolution
		SolutionGuid = {1F764561-1C1E-49A8-9465-5FE1518A586E}
	EndGlobalSection
EndGlobal
