
Microsoft Visual Studio Solution File, Format Version 12.00
# Visual Studio Version 17
VisualStudioVersion = 17.5.33516.290
MinimumVisualStudioVersion = 10.0.40219.1
Project("{FAE04EC0-301F-11D3-BF4B-00C04F79EFBC}") = "PreguntasYRespuestas", "PreguntasYRespuestas\PreguntasYRespuestas.csproj", "{484C68C8-6A9C-47A3-B095-FB51233BE494}"
EndProject
Global
	GlobalSection(SolutionConfigurationPlatforms) = preSolution
		Debug|Any CPU = Debug|Any CPU
		Release|Any CPU = Release|Any CPU
	EndGlobalSection
	GlobalSection(ProjectConfigurationPlatforms) = postSolution
		{484C68C8-6A9C-47A3-B095-FB51233BE494}.Debug|Any CPU.ActiveCfg = Debug|Any CPU
		{484C68C8-6A9C-47A3-B095-FB51233BE494}.Debug|Any CPU.Build.0 = Debug|Any CPU
		{484C68C8-6A9C-47A3-B095-FB51233BE494}.Release|Any CPU.ActiveCfg = Release|Any CPU
		{484C68C8-6A9C-47A3-B095-FB51233BE494}.Release|Any CPU.Build.0 = Release|Any CPU
	EndGlobalSection
	GlobalSection(SolutionProperties) = preSolution
		HideSolutionNode = FALSE
	EndGlobalSection
	GlobalSection(ExtensibilityGlobals) = postSolution
		SolutionGuid = {6411A52F-ECD5-429E-939C-20A75FBA1674}
	EndGlobalSection
EndGlobal
