
Microsoft Visual Studio Solution File, Format Version 12.00
# Visual Studio Version 17
VisualStudioVersion = 17.5.33502.453
MinimumVisualStudioVersion = 10.0.40219.1
Project("{FAE04EC0-301F-11D3-BF4B-00C04F79EFBC}") = "Sintaxis_Basica", "Sintaxis_Basica\Sintaxis_Basica.csproj", "{32555491-F142-4700-BC48-995057CA5965}"
EndProject
Global
	GlobalSection(SolutionConfigurationPlatforms) = preSolution
		Debug|Any CPU = Debug|Any CPU
		Release|Any CPU = Release|Any CPU
	EndGlobalSection
	GlobalSection(ProjectConfigurationPlatforms) = postSolution
		{32555491-F142-4700-BC48-995057CA5965}.Debug|Any CPU.ActiveCfg = Debug|Any CPU
		{32555491-F142-4700-BC48-995057CA5965}.Debug|Any CPU.Build.0 = Debug|Any CPU
		{32555491-F142-4700-BC48-995057CA5965}.Release|Any CPU.ActiveCfg = Release|Any CPU
		{32555491-F142-4700-BC48-995057CA5965}.Release|Any CPU.Build.0 = Release|Any CPU
	EndGlobalSection
	GlobalSection(SolutionProperties) = preSolution
		HideSolutionNode = FALSE
	EndGlobalSection
	GlobalSection(ExtensibilityGlobals) = postSolution
		SolutionGuid = {494C22B6-1E8E-42CE-A504-20A55CE3040E}
	EndGlobalSection
EndGlobal
