
Microsoft Visual Studio Solution File, Format Version 12.00
# Visual Studio Version 17
VisualStudioVersion = 17.5.33627.172
MinimumVisualStudioVersion = 10.0.40219.1
Project("{FAE04EC0-301F-11D3-BF4B-00C04F79EFBC}") = "Herencia_2", "Herencia_2\Herencia_2.csproj", "{D3EEEB13-0404-463E-B7FC-CF6F0B9F4872}"
EndProject
Global
	GlobalSection(SolutionConfigurationPlatforms) = preSolution
		Debug|Any CPU = Debug|Any CPU
		Release|Any CPU = Release|Any CPU
	EndGlobalSection
	GlobalSection(ProjectConfigurationPlatforms) = postSolution
		{D3EEEB13-0404-463E-B7FC-CF6F0B9F4872}.Debug|Any CPU.ActiveCfg = Debug|Any CPU
		{D3EEEB13-0404-463E-B7FC-CF6F0B9F4872}.Debug|Any CPU.Build.0 = Debug|Any CPU
		{D3EEEB13-0404-463E-B7FC-CF6F0B9F4872}.Release|Any CPU.ActiveCfg = Release|Any CPU
		{D3EEEB13-0404-463E-B7FC-CF6F0B9F4872}.Release|Any CPU.Build.0 = Release|Any CPU
	EndGlobalSection
	GlobalSection(SolutionProperties) = preSolution
		HideSolutionNode = FALSE
	EndGlobalSection
	GlobalSection(ExtensibilityGlobals) = postSolution
		SolutionGuid = {CC02B256-CCB3-4610-B68A-3F53A9121FF2}
	EndGlobalSection
EndGlobal
