
Microsoft Visual Studio Solution File, Format Version 12.00
# Visual Studio Version 17
VisualStudioVersion = 17.5.33530.505
MinimumVisualStudioVersion = 10.0.40219.1
Project("{FAE04EC0-301F-11D3-BF4B-00C04F79EFBC}") = "ParametrosModa", "ParametrosModa\ParametrosModa.csproj", "{4D2A09EF-F53D-41CA-B393-3B6F19ACBA66}"
EndProject
Global
	GlobalSection(SolutionConfigurationPlatforms) = preSolution
		Debug|Any CPU = Debug|Any CPU
		Release|Any CPU = Release|Any CPU
	EndGlobalSection
	GlobalSection(ProjectConfigurationPlatforms) = postSolution
		{4D2A09EF-F53D-41CA-B393-3B6F19ACBA66}.Debug|Any CPU.ActiveCfg = Debug|Any CPU
		{4D2A09EF-F53D-41CA-B393-3B6F19ACBA66}.Debug|Any CPU.Build.0 = Debug|Any CPU
		{4D2A09EF-F53D-41CA-B393-3B6F19ACBA66}.Release|Any CPU.ActiveCfg = Release|Any CPU
		{4D2A09EF-F53D-41CA-B393-3B6F19ACBA66}.Release|Any CPU.Build.0 = Release|Any CPU
	EndGlobalSection
	GlobalSection(SolutionProperties) = preSolution
		HideSolutionNode = FALSE
	EndGlobalSection
	GlobalSection(ExtensibilityGlobals) = postSolution
		SolutionGuid = {DEB1D5C6-7CBE-4585-B24A-5181EA173AB4}
	EndGlobalSection
EndGlobal
