
Microsoft Visual Studio Solution File, Format Version 12.00
# Visual Studio Version 17
VisualStudioVersion = 17.5.33530.505
MinimumVisualStudioVersion = 10.0.40219.1
Project("{FAE04EC0-301F-11D3-BF4B-00C04F79EFBC}") = "Excepciones_throw", "Excepciones_throw\Excepciones_throw.csproj", "{8A85A687-A1E4-43AF-9BFB-4AB6A08FB4FE}"
EndProject
Global
	GlobalSection(SolutionConfigurationPlatforms) = preSolution
		Debug|Any CPU = Debug|Any CPU
		Release|Any CPU = Release|Any CPU
	EndGlobalSection
	GlobalSection(ProjectConfigurationPlatforms) = postSolution
		{8A85A687-A1E4-43AF-9BFB-4AB6A08FB4FE}.Debug|Any CPU.ActiveCfg = Debug|Any CPU
		{8A85A687-A1E4-43AF-9BFB-4AB6A08FB4FE}.Debug|Any CPU.Build.0 = Debug|Any CPU
		{8A85A687-A1E4-43AF-9BFB-4AB6A08FB4FE}.Release|Any CPU.ActiveCfg = Release|Any CPU
		{8A85A687-A1E4-43AF-9BFB-4AB6A08FB4FE}.Release|Any CPU.Build.0 = Release|Any CPU
	EndGlobalSection
	GlobalSection(SolutionProperties) = preSolution
		HideSolutionNode = FALSE
	EndGlobalSection
	GlobalSection(ExtensibilityGlobals) = postSolution
		SolutionGuid = {D2D7EFE3-EE10-4C3A-9C03-BAAC65BAF6F6}
	EndGlobalSection
EndGlobal
