
Microsoft Visual Studio Solution File, Format Version 12.00
# Visual Studio Version 17
VisualStudioVersion = 17.5.33516.290
MinimumVisualStudioVersion = 10.0.40219.1
Project("{FAE04EC0-301F-11D3-BF4B-00C04F79EFBC}") = "Sintaxis_Basica_2", "Sintaxis_Basica_2\Sintaxis_Basica_2.csproj", "{27BA8ACD-37F2-4EF0-A790-FB89A4A26EC8}"
EndProject
Global
	GlobalSection(SolutionConfigurationPlatforms) = preSolution
		Debug|Any CPU = Debug|Any CPU
		Release|Any CPU = Release|Any CPU
	EndGlobalSection
	GlobalSection(ProjectConfigurationPlatforms) = postSolution
		{27BA8ACD-37F2-4EF0-A790-FB89A4A26EC8}.Debug|Any CPU.ActiveCfg = Debug|Any CPU
		{27BA8ACD-37F2-4EF0-A790-FB89A4A26EC8}.Debug|Any CPU.Build.0 = Debug|Any CPU
		{27BA8ACD-37F2-4EF0-A790-FB89A4A26EC8}.Release|Any CPU.ActiveCfg = Release|Any CPU
		{27BA8ACD-37F2-4EF0-A790-FB89A4A26EC8}.Release|Any CPU.Build.0 = Release|Any CPU
	EndGlobalSection
	GlobalSection(SolutionProperties) = preSolution
		HideSolutionNode = FALSE
	EndGlobalSection
	GlobalSection(ExtensibilityGlobals) = postSolution
		SolutionGuid = {F70B50D3-71D7-48B2-A543-F6848D3B87FF}
	EndGlobalSection
EndGlobal
