
Microsoft Visual Studio Solution File, Format Version 12.00
# Visual Studio Version 17
VisualStudioVersion = 17.5.33502.453
MinimumVisualStudioVersion = 10.0.40219.1
Project("{FAE04EC0-301F-11D3-BF4B-00C04F79EFBC}") = "EstructurasDecision", "EstructurasDecision\EstructurasDecision.csproj", "{AA33816E-92E1-484D-AE03-C3A930E0A988}"
EndProject
Global
	GlobalSection(SolutionConfigurationPlatforms) = preSolution
		Debug|Any CPU = Debug|Any CPU
		Release|Any CPU = Release|Any CPU
	EndGlobalSection
	GlobalSection(ProjectConfigurationPlatforms) = postSolution
		{AA33816E-92E1-484D-AE03-C3A930E0A988}.Debug|Any CPU.ActiveCfg = Debug|Any CPU
		{AA33816E-92E1-484D-AE03-C3A930E0A988}.Debug|Any CPU.Build.0 = Debug|Any CPU
		{AA33816E-92E1-484D-AE03-C3A930E0A988}.Release|Any CPU.ActiveCfg = Release|Any CPU
		{AA33816E-92E1-484D-AE03-C3A930E0A988}.Release|Any CPU.Build.0 = Release|Any CPU
	EndGlobalSection
	GlobalSection(SolutionProperties) = preSolution
		HideSolutionNode = FALSE
	EndGlobalSection
	GlobalSection(ExtensibilityGlobals) = postSolution
		SolutionGuid = {7A0DA84E-9F21-480A-BD68-79643C32B601}
	EndGlobalSection
EndGlobal
